
Microsoft Visual Studio Solution File, Format Version 12.00
# Visual Studio Version 17
VisualStudioVersion = 17.6.33815.320
MinimumVisualStudioVersion = 10.0.40219.1
Project("{8BC9CEB8-8B4A-11D0-8D11-00A0C91BC942}") = "DeviceDriver", "DeviceDriver\DeviceDriver.vcxproj", "{F0CE7EBA-0A3C-4293-AE14-EFE84F0CD4D1}"
EndProject
Project("{8BC9CEB8-8B4A-11D0-8D11-00A0C91BC942}") = "DeviceDriver-Test1", "DeviceDriver-Test1\DeviceDriver-Test1.vcxproj", "{235F9FAD-2757-45B6-A02A-7A2AB96A8C80}"
EndProject
Project("{2150E333-8FDC-42A3-9474-1A3956D46DE8}") = "솔루션 항목", "솔루션 항목", "{7E2492AC-EEB6-47B1-B3EB-D1DEA54EB987}"
	ProjectSection(SolutionItems) = preProject
		.gitignore = .gitignore
		README.md = README.md
	EndProjectSection
EndProject
Global
	GlobalSection(SolutionConfigurationPlatforms) = preSolution
		Debug|x64 = Debug|x64
		Debug|x86 = Debug|x86
		Release|x64 = Release|x64
		Release|x86 = Release|x86
	EndGlobalSection
	GlobalSection(ProjectConfigurationPlatforms) = postSolution
		{F0CE7EBA-0A3C-4293-AE14-EFE84F0CD4D1}.Debug|x64.ActiveCfg = Debug|x64
		{F0CE7EBA-0A3C-4293-AE14-EFE84F0CD4D1}.Debug|x64.Build.0 = Debug|x64
		{F0CE7EBA-0A3C-4293-AE14-EFE84F0CD4D1}.Debug|x86.ActiveCfg = Debug|Win32
		{F0CE7EBA-0A3C-4293-AE14-EFE84F0CD4D1}.Debug|x86.Build.0 = Debug|Win32
		{F0CE7EBA-0A3C-4293-AE14-EFE84F0CD4D1}.Release|x64.ActiveCfg = Release|x64
		{F0CE7EBA-0A3C-4293-AE14-EFE84F0CD4D1}.Release|x64.Build.0 = Release|x64
		{F0CE7EBA-0A3C-4293-AE14-EFE84F0CD4D1}.Release|x86.ActiveCfg = Release|Win32
		{F0CE7EBA-0A3C-4293-AE14-EFE84F0CD4D1}.Release|x86.Build.0 = Release|Win32
		{235F9FAD-2757-45B6-A02A-7A2AB96A8C80}.Debug|x64.ActiveCfg = Debug|x64
		{235F9FAD-2757-45B6-A02A-7A2AB96A8C80}.Debug|x64.Build.0 = Debug|x64
		{235F9FAD-2757-45B6-A02A-7A2AB96A8C80}.Debug|x86.ActiveCfg = Debug|Win32
		{235F9FAD-2757-45B6-A02A-7A2AB96A8C80}.Debug|x86.Build.0 = Debug|Win32
		{235F9FAD-2757-45B6-A02A-7A2AB96A8C80}.Release|x64.ActiveCfg = Release|x64
		{235F9FAD-2757-45B6-A02A-7A2AB96A8C80}.Release|x64.Build.0 = Release|x64
		{235F9FAD-2757-45B6-A02A-7A2AB96A8C80}.Release|x86.ActiveCfg = Release|Win32
		{235F9FAD-2757-45B6-A02A-7A2AB96A8C80}.Release|x86.Build.0 = Release|Win32
	EndGlobalSection
	GlobalSection(SolutionProperties) = preSolution
		HideSolutionNode = FALSE
	EndGlobalSection
	GlobalSection(ExtensibilityGlobals) = postSolution
		SolutionGuid = {15F65089-BF80-47E5-A95E-BD00D6613737}
	EndGlobalSection
EndGlobal
